// !$*UTF8*$!
{
	archiveVersion = 1;
	classes = {
	};
	objectVersion = 46;
	objects = {

/* Begin PBXBuildFile section */
		320397141E2DF94B00039F22 /* DemoAppTests.swift in Sources */ = {isa = PBXBuildFile; fileRef = 320397131E2DF94B00039F22 /* DemoAppTests.swift */; };
		324E363B1E2CD8F1007918E8 /* AppDelegate.swift in Sources */ = {isa = PBXBuildFile; fileRef = 324E363A1E2CD8F1007918E8 /* AppDelegate.swift */; };
		324E363D1E2CD8F1007918E8 /* AccountViewController.swift in Sources */ = {isa = PBXBuildFile; fileRef = 324E363C1E2CD8F1007918E8 /* AccountViewController.swift */; };
		324E36401E2CD8F1007918E8 /* Main.storyboard in Resources */ = {isa = PBXBuildFile; fileRef = 324E363E1E2CD8F1007918E8 /* Main.storyboard */; };
		324E36421E2CD8F1007918E8 /* Assets.xcassets in Resources */ = {isa = PBXBuildFile; fileRef = 324E36411E2CD8F1007918E8 /* Assets.xcassets */; };
		324E36451E2CD8F1007918E8 /* LaunchScreen.storyboard in Resources */ = {isa = PBXBuildFile; fileRef = 324E36431E2CD8F1007918E8 /* LaunchScreen.storyboard */; };
		32F2C9D71E2DC81F00E217FA /* PasswordViewController.swift in Sources */ = {isa = PBXBuildFile; fileRef = 32F2C9D61E2DC81F00E217FA /* PasswordViewController.swift */; };
/* End PBXBuildFile section */

/* Begin PBXContainerItemProxy section */
		320397161E2DF94B00039F22 /* PBXContainerItemProxy */ = {
			isa = PBXContainerItemProxy;
			containerPortal = 324E362F1E2CD8F1007918E8 /* Project object */;
			proxyType = 1;
			remoteGlobalIDString = 324E36361E2CD8F1007918E8;
			remoteInfo = DemoApp;
		};
/* End PBXContainerItemProxy section */

/* Begin PBXFileReference section */
		320397111E2DF94B00039F22 /* DemoAppTests.xctest */ = {isa = PBXFileReference; explicitFileType = wrapper.cfbundle; includeInIndex = 0; path = DemoAppTests.xctest; sourceTree = BUILT_PRODUCTS_DIR; };
		320397131E2DF94B00039F22 /* DemoAppTests.swift */ = {isa = PBXFileReference; lastKnownFileType = sourcecode.swift; path = DemoAppTests.swift; sourceTree = "<group>"; };
		320397151E2DF94B00039F22 /* Info.plist */ = {isa = PBXFileReference; lastKnownFileType = text.plist.xml; path = Info.plist; sourceTree = "<group>"; };
		324E36371E2CD8F1007918E8 /* DemoApp.app */ = {isa = PBXFileReference; explicitFileType = wrapper.application; includeInIndex = 0; path = DemoApp.app; sourceTree = BUILT_PRODUCTS_DIR; };
		324E363A1E2CD8F1007918E8 /* AppDelegate.swift */ = {isa = PBXFileReference; lastKnownFileType = sourcecode.swift; path = AppDelegate.swift; sourceTree = "<group>"; };
		324E363C1E2CD8F1007918E8 /* AccountViewController.swift */ = {isa = PBXFileReference; lastKnownFileType = sourcecode.swift; path = AccountViewController.swift; sourceTree = "<group>"; };
		324E363F1E2CD8F1007918E8 /* Base */ = {isa = PBXFileReference; lastKnownFileType = file.storyboard; name = Base; path = Base.lproj/Main.storyboard; sourceTree = "<group>"; };
		324E36411E2CD8F1007918E8 /* Assets.xcassets */ = {isa = PBXFileReference; lastKnownFileType = folder.assetcatalog; path = Assets.xcassets; sourceTree = "<group>"; };
		324E36441E2CD8F1007918E8 /* Base */ = {isa = PBXFileReference; lastKnownFileType = file.storyboard; name = Base; path = Base.lproj/LaunchScreen.storyboard; sourceTree = "<group>"; };
		324E36461E2CD8F1007918E8 /* Info.plist */ = {isa = PBXFileReference; lastKnownFileType = text.plist.xml; path = Info.plist; sourceTree = "<group>"; };
		32F2C9D61E2DC81F00E217FA /* PasswordViewController.swift */ = {isa = PBXFileReference; fileEncoding = 4; lastKnownFileType = sourcecode.swift; path = PasswordViewController.swift; sourceTree = "<group>"; };
/* End PBXFileReference section */

/* Begin PBXFrameworksBuildPhase section */
		3203970E1E2DF94B00039F22 /* Frameworks */ = {
			isa = PBXFrameworksBuildPhase;
			buildActionMask = 2147483647;
			files = (
			);
			runOnlyForDeploymentPostprocessing = 0;
		};
		324E36341E2CD8F1007918E8 /* Frameworks */ = {
			isa = PBXFrameworksBuildPhase;
			buildActionMask = 2147483647;
			files = (
			);
			runOnlyForDeploymentPostprocessing = 0;
		};
/* End PBXFrameworksBuildPhase section */

/* Begin PBXGroup section */
		320397121E2DF94B00039F22 /* DemoAppTests */ = {
			isa = PBXGroup;
			children = (
				320397131E2DF94B00039F22 /* DemoAppTests.swift */,
				320397151E2DF94B00039F22 /* Info.plist */,
			);
			path = DemoAppTests;
			sourceTree = "<group>";
		};
		324E362E1E2CD8F1007918E8 = {
			isa = PBXGroup;
			children = (
				324E36391E2CD8F1007918E8 /* DemoApp */,
				320397121E2DF94B00039F22 /* DemoAppTests */,
				324E36381E2CD8F1007918E8 /* Products */,
			);
			sourceTree = "<group>";
		};
		324E36381E2CD8F1007918E8 /* Products */ = {
			isa = PBXGroup;
			children = (
				324E36371E2CD8F1007918E8 /* DemoApp.app */,
				320397111E2DF94B00039F22 /* DemoAppTests.xctest */,
			);
			name = Products;
			sourceTree = "<group>";
		};
		324E36391E2CD8F1007918E8 /* DemoApp */ = {
			isa = PBXGroup;
			children = (
				324E363A1E2CD8F1007918E8 /* AppDelegate.swift */,
				324E363C1E2CD8F1007918E8 /* AccountViewController.swift */,
				32F2C9D61E2DC81F00E217FA /* PasswordViewController.swift */,
				324E363E1E2CD8F1007918E8 /* Main.storyboard */,
				324E36411E2CD8F1007918E8 /* Assets.xcassets */,
				324E36431E2CD8F1007918E8 /* LaunchScreen.storyboard */,
				324E36461E2CD8F1007918E8 /* Info.plist */,
			);
			path = DemoApp;
			sourceTree = "<group>";
		};
/* End PBXGroup section */

/* Begin PBXNativeTarget section */
		320397101E2DF94B00039F22 /* DemoAppTests */ = {
			isa = PBXNativeTarget;
			buildConfigurationList = 3203971A1E2DF94B00039F22 /* Build configuration list for PBXNativeTarget "DemoAppTests" */;
			buildPhases = (
				3203970D1E2DF94B00039F22 /* Sources */,
				3203970E1E2DF94B00039F22 /* Frameworks */,
				3203970F1E2DF94B00039F22 /* Resources */,
			);
			buildRules = (
			);
			dependencies = (
				320397171E2DF94B00039F22 /* PBXTargetDependency */,
			);
			name = DemoAppTests;
			productName = DemoAppTests;
			productReference = 320397111E2DF94B00039F22 /* DemoAppTests.xctest */;
			productType = "com.apple.product-type.bundle.unit-test";
		};
		324E36361E2CD8F1007918E8 /* DemoApp */ = {
			isa = PBXNativeTarget;
			buildConfigurationList = 324E36491E2CD8F1007918E8 /* Build configuration list for PBXNativeTarget "DemoApp" */;
			buildPhases = (
				324E36331E2CD8F1007918E8 /* Sources */,
				324E36341E2CD8F1007918E8 /* Frameworks */,
				324E36351E2CD8F1007918E8 /* Resources */,
			);
			buildRules = (
			);
			dependencies = (
			);
			name = DemoApp;
			productName = DemoApp;
			productReference = 324E36371E2CD8F1007918E8 /* DemoApp.app */;
			productType = "com.apple.product-type.application";
		};
/* End PBXNativeTarget section */

/* Begin PBXProject section */
		324E362F1E2CD8F1007918E8 /* Project object */ = {
			isa = PBXProject;
			attributes = {
				LastSwiftUpdateCheck = 0820;
				LastUpgradeCheck = 0820;
				ORGANIZATIONNAME = "Pham Anh";
				TargetAttributes = {
					320397101E2DF94B00039F22 = {
						CreatedOnToolsVersion = 8.2;
						DevelopmentTeam = HKXZTH4YA3;
						ProvisioningStyle = Automatic;
						TestTargetID = 324E36361E2CD8F1007918E8;
					};
					324E36361E2CD8F1007918E8 = {
						CreatedOnToolsVersion = 8.2;
						DevelopmentTeam = HKXZTH4YA3;
						ProvisioningStyle = Automatic;
					};
				};
			};
			buildConfigurationList = 324E36321E2CD8F1007918E8 /* Build configuration list for PBXProject "DemoApp" */;
			compatibilityVersion = "Xcode 3.2";
			developmentRegion = English;
			hasScannedForEncodings = 0;
			knownRegions = (
				en,
				Base,
			);
			mainGroup = 324E362E1E2CD8F1007918E8;
			productRefGroup = 324E36381E2CD8F1007918E8 /* Products */;
			projectDirPath = "";
			projectRoot = "";
			targets = (
				324E36361E2CD8F1007918E8 /* DemoApp */,
				320397101E2DF94B00039F22 /* DemoAppTests */,
			);
		};
/* End PBXProject section */

/* Begin PBXResourcesBuildPhase section */
		3203970F1E2DF94B00039F22 /* Resources */ = {
			isa = PBXResourcesBuildPhase;
			buildActionMask = 2147483647;
			files = (
			);
			runOnlyForDeploymentPostprocessing = 0;
		};
		324E36351E2CD8F1007918E8 /* Resources */ = {
			isa = PBXResourcesBuildPhase;
			buildActionMask = 2147483647;
			files = (
				324E36451E2CD8F1007918E8 /* LaunchScreen.storyboard in Resources */,
				324E36421E2CD8F1007918E8 /* Assets.xcassets in Resources */,
				324E36401E2CD8F1007918E8 /* Main.storyboard in Resources */,
			);
			runOnlyForDeploymentPostprocessing = 0;
		};
/* End PBXResourcesBuildPhase section */

/* Begin PBXSourcesBuildPhase section */
		3203970D1E2DF94B00039F22 /* Sources */ = {
			isa = PBXSourcesBuildPhase;
			buildActionMask = 2147483647;
			files = (
				320397141E2DF94B00039F22 /* DemoAppTests.swift in Sources */,
			);
			runOnlyForDeploymentPostprocessing = 0;
		};
		324E36331E2CD8F1007918E8 /* Sources */ = {
			isa = PBXSourcesBuildPhase;
			buildActionMask = 2147483647;
			files = (
				324E363D1E2CD8F1007918E8 /* AccountViewController.swift in Sources */,
				324E363B1E2CD8F1007918E8 /* AppDelegate.swift in Sources */,
				32F2C9D71E2DC81F00E217FA /* PasswordViewController.swift in Sources */,
			);
			runOnlyForDeploymentPostprocessing = 0;
		};
/* End PBXSourcesBuildPhase section */

/* Begin PBXTargetDependency section */
		320397171E2DF94B00039F22 /* PBXTargetDependency */ = {
			isa = PBXTargetDependency;
			target = 324E36361E2CD8F1007918E8 /* DemoApp */;
			targetProxy = 320397161E2DF94B00039F22 /* PBXContainerItemProxy */;
		};
/* End PBXTargetDependency section */

/* Begin PBXVariantGroup section */
		324E363E1E2CD8F1007918E8 /* Main.storyboard */ = {
			isa = PBXVariantGroup;
			children = (
				324E363F1E2CD8F1007918E8 /* Base */,
			);
			name = Main.storyboard;
			sourceTree = "<group>";
		};
		324E36431E2CD8F1007918E8 /* LaunchScreen.storyboard */ = {
			isa = PBXVariantGroup;
			children = (
				324E36441E2CD8F1007918E8 /* Base */,
			);
			name = LaunchScreen.storyboard;
			sourceTree = "<group>";
		};
/* End PBXVariantGroup section */

/* Begin XCBuildConfiguration section */
		320397181E2DF94B00039F22 /* Debug */ = {
			isa = XCBuildConfiguration;
			buildSettings = {
				BUNDLE_LOADER = "$(TEST_HOST)";
				DEVELOPMENT_TEAM = HKXZTH4YA3;
				INFOPLIST_FILE = DemoAppTests/Info.plist;
				LD_RUNPATH_SEARCH_PATHS = "$(inherited) @executable_path/Frameworks @loader_path/Frameworks";
				PRODUCT_BUNDLE_IDENTIFIER = com.gaxxanh.DemoAppTests;
				PRODUCT_NAME = "$(TARGET_NAME)";
				SWIFT_VERSION = 3.0;
				TEST_HOST = "$(BUILT_PRODUCTS_DIR)/DemoApp.app/DemoApp";
			};
			name = Debug;
		};
		320397191E2DF94B00039F22 /* Release */ = {
			isa = XCBuildConfiguration;
			buildSettings = {
				BUNDLE_LOADER = "$(TEST_HOST)";
				DEVELOPMENT_TEAM = HKXZTH4YA3;
				INFOPLIST_FILE = DemoAppTests/Info.plist;
				LD_RUNPATH_SEARCH_PATHS = "$(inherited) @executable_path/Frameworks @loader_path/Frameworks";
				PRODUCT_BUNDLE_IDENTIFIER = com.gaxxanh.DemoAppTests;
				PRODUCT_NAME = "$(TARGET_NAME)";
				SWIFT_VERSION = 3.0;
				TEST_HOST = "$(BUILT_PRODUCTS_DIR)/DemoApp.app/DemoApp";
			};
			name = Release;
		};
		324E36471E2CD8F1007918E8 /* Debug */ = {
			isa = XCBuildConfiguration;
			buildSettings = {
				ALWAYS_SEARCH_USER_PATHS = NO;
				CLANG_ANALYZER_NONNULL = YES;
				CLANG_CXX_LANGUAGE_STANDARD = "gnu++0x";
				CLANG_CXX_LIBRARY = "libc++";
				CLANG_ENABLE_MODULES = YES;
				CLANG_ENABLE_OBJC_ARC = YES;
				CLANG_WARN_BOOL_CONVERSION = YES;
				CLANG_WARN_CONSTANT_CONVERSION = YES;
				CLANG_WARN_DIRECT_OBJC_ISA_USAGE = YES_ERROR;
				CLANG_WARN_DOCUMENTATION_COMMENTS = YES;
				CLANG_WARN_EMPTY_BODY = YES;
				CLANG_WARN_ENUM_CONVERSION = YES;
				CLANG_WARN_INFINITE_RECURSION = YES;
				CLANG_WARN_INT_CONVERSION = YES;
				CLANG_WARN_OBJC_ROOT_CLASS = YES_ERROR;
				CLANG_WARN_SUSPICIOUS_MOVE = YES;
				CLANG_WARN_UNREACHABLE_CODE = YES;
				CLANG_WARN__DUPLICATE_METHOD_MATCH = YES;
				"CODE_SIGN_IDENTITY[sdk=iphoneos*]" = "iPhone Developer";
				COPY_PHASE_STRIP = NO;
				DEBUG_INFORMATION_FORMAT = dwarf;
				ENABLE_STRICT_OBJC_MSGSEND = YES;
				ENABLE_TESTABILITY = YES;
				GCC_C_LANGUAGE_STANDARD = gnu99;
				GCC_DYNAMIC_NO_PIC = NO;
				GCC_NO_COMMON_BLOCKS = YES;
				GCC_OPTIMIZATION_LEVEL = 0;
				GCC_PREPROCESSOR_DEFINITIONS = (
					"DEBUG=1",
					"$(inherited)",
				);
				GCC_WARN_64_TO_32_BIT_CONVERSION = YES;
				GCC_WARN_ABOUT_RETURN_TYPE = YES_ERROR;
				GCC_WARN_UNDECLARED_SELECTOR = YES;
				GCC_WARN_UNINITIALIZED_AUTOS = YES_AGGRESSIVE;
				GCC_WARN_UNUSED_FUNCTION = YES;
				GCC_WARN_UNUSED_VARIABLE = YES;
				IPHONEOS_DEPLOYMENT_TARGET = 10.2;
				MTL_ENABLE_DEBUG_INFO = YES;
				ONLY_ACTIVE_ARCH = YES;
				SDKROOT = iphoneos;
				SWIFT_ACTIVE_COMPILATION_CONDITIONS = DEBUG;
				SWIFT_OPTIMIZATION_LEVEL = "-Onone";
				TARGETED_DEVICE_FAMILY = "1,2";
			};
			name = Debug;
		};
		324E36481E2CD8F1007918E8 /* Release */ = {
			isa = XCBuildConfiguration;
			buildSettings = {
				ALWAYS_SEARCH_USER_PATHS = NO;
				CLANG_ANALYZER_NONNULL = YES;
				CLANG_CXX_LANGUAGE_STANDARD = "gnu++0x";
				CLANG_CXX_LIBRARY = "libc++";
				CLANG_ENABLE_MODULES = YES;
				CLANG_ENABLE_OBJC_ARC = YES;
				CLANG_WARN_BOOL_CONVERSION = YES;
				CLANG_WARN_CONSTANT_CONVERSION = YES;
				CLANG_WARN_DIRECT_OBJC_ISA_USAGE = YES_ERROR;
				CLANG_WARN_DOCUMENTATION_COMMENTS = YES;
				CLANG_WARN_EMPTY_BODY = YES;
				CLANG_WARN_ENUM_CONVERSION = YES;
				CLANG_WARN_INFINITE_RECURSION = YES;
				CLANG_WARN_INT_CONVERSION = YES;
				CLANG_WARN_OBJC_ROOT_CLASS = YES_ERROR;
				CLANG_WARN_SUSPICIOUS_MOVE = YES;
				CLANG_WARN_UNREACHABLE_CODE = YES;
				CLANG_WARN__DUPLICATE_METHOD_MATCH = YES;
				"CODE_SIGN_IDENTITY[sdk=iphoneos*]" = "iPhone Developer";
				COPY_PHASE_STRIP = NO;
				DEBUG_INFORMATION_FORMAT = "dwarf-with-dsym";
				ENABLE_NS_ASSERTIONS = NO;
				ENABLE_STRICT_OBJC_MSGSEND = YES;
				GCC_C_LANGUAGE_STANDARD = gnu99;
				GCC_NO_COMMON_BLOCKS = YES;
				GCC_WARN_64_TO_32_BIT_CONVERSION = YES;
				GCC_WARN_ABOUT_RETURN_TYPE = YES_ERROR;
				GCC_WARN_UNDECLARED_SELECTOR = YES;
				GCC_WARN_UNINITIALIZED_AUTOS = YES_AGGRESSIVE;
				GCC_WARN_UNUSED_FUNCTION = YES;
				GCC_WARN_UNUSED_VARIABLE = YES;
				IPHONEOS_DEPLOYMENT_TARGET = 10.2;
				MTL_ENABLE_DEBUG_INFO = NO;
				SDKROOT = iphoneos;
				SWIFT_OPTIMIZATION_LEVEL = "-Owholemodule";
				TARGETED_DEVICE_FAMILY = "1,2";
				VALIDATE_PRODUCT = YES;
			};
			name = Release;
		};
		324E364A1E2CD8F1007918E8 /* Debug */ = {
			isa = XCBuildConfiguration;
			buildSettings = {
				ASSETCATALOG_COMPILER_APPICON_NAME = AppIcon;
				DEVELOPMENT_TEAM = HKXZTH4YA3;
				INFOPLIST_FILE = DemoApp/Info.plist;
				LD_RUNPATH_SEARCH_PATHS = "$(inherited) @executable_path/Frameworks";
				PRODUCT_BUNDLE_IDENTIFIER = com.gaxxanh.DemoApp;
				PRODUCT_NAME = "$(TARGET_NAME)";
				SWIFT_VERSION = 3.0;
			};
			name = Debug;
		};
		324E364B1E2CD8F1007918E8 /* Release */ = {
			isa = XCBuildConfiguration;
			buildSettings = {
				ASSETCATALOG_COMPILER_APPICON_NAME = AppIcon;
				DEVELOPMENT_TEAM = HKXZTH4YA3;
				INFOPLIST_FILE = DemoApp/Info.plist;
				LD_RUNPATH_SEARCH_PATHS = "$(inherited) @executable_path/Frameworks";
				PRODUCT_BUNDLE_IDENTIFIER = com.gaxxanh.DemoApp;
				PRODUCT_NAME = "$(TARGET_NAME)";
				SWIFT_VERSION = 3.0;
			};
			name = Release;
		};
/* End XCBuildConfiguration section */

/* Begin XCConfigurationList section */
		3203971A1E2DF94B00039F22 /* Build configuration list for PBXNativeTarget "DemoAppTests" */ = {
			isa = XCConfigurationList;
			buildConfigurations = (
				320397181E2DF94B00039F22 /* Debug */,
				320397191E2DF94B00039F22 /* Release */,
			);
			defaultConfigurationIsVisible = 0;
		};
		324E36321E2CD8F1007918E8 /* Build configuration list for PBXProject "DemoApp" */ = {
			isa = XCConfigurationList;
			buildConfigurations = (
				324E36471E2CD8F1007918E8 /* Debug */,
				324E36481E2CD8F1007918E8 /* Release */,
			);
			defaultConfigurationIsVisible = 0;
			defaultConfigurationName = Release;
		};
		324E36491E2CD8F1007918E8 /* Build configuration list for PBXNativeTarget "DemoApp" */ = {
			isa = XCConfigurationList;
			buildConfigurations = (
				324E364A1E2CD8F1007918E8 /* Debug */,
				324E364B1E2CD8F1007918E8 /* Release */,
			);
			defaultConfigurationIsVisible = 0;
			defaultConfigurationName = Release;
		};
/* End XCConfigurationList section */
	};
	rootObject = 324E362F1E2CD8F1007918E8 /* Project object */;
}
