// !$*UTF8*$!
{
	archiveVersion = 1;
	classes = {
	};
	objectVersion = 46;
	objects = {

/* Begin PBXBuildFile section */
		321A1D851E2F0F6B00F87225 /* KIFDemoAppTests.swift in Sources */ = {isa = PBXBuildFile; fileRef = 321A1D841E2F0F6B00F87225 /* KIFDemoAppTests.swift */; };
		321A1DB11E2F16C900F87225 /* libKIF.a in Frameworks */ = {isa = PBXBuildFile; fileRef = 321A1D971E2F0FAB00F87225 /* libKIF.a */; };
		321A1DB31E2F191500F87225 /* IOKit.framework in Frameworks */ = {isa = PBXBuildFile; fileRef = 321A1DB21E2F191500F87225 /* IOKit.framework */; };
		3221A26F1E2E44C30086F015 /* SignUpViewController.swift in Sources */ = {isa = PBXBuildFile; fileRef = 3221A26E1E2E44C30086F015 /* SignUpViewController.swift */; };
		3242B5CD1E31CC8900D1C5FA /* DemoAppUITests.swift in Sources */ = {isa = PBXBuildFile; fileRef = 3242B5CC1E31CC8900D1C5FA /* DemoAppUITests.swift */; };
		324E363B1E2CD8F1007918E8 /* AppDelegate.swift in Sources */ = {isa = PBXBuildFile; fileRef = 324E363A1E2CD8F1007918E8 /* AppDelegate.swift */; };
		324E363D1E2CD8F1007918E8 /* AccountViewController.swift in Sources */ = {isa = PBXBuildFile; fileRef = 324E363C1E2CD8F1007918E8 /* AccountViewController.swift */; };
		324E36401E2CD8F1007918E8 /* Main.storyboard in Resources */ = {isa = PBXBuildFile; fileRef = 324E363E1E2CD8F1007918E8 /* Main.storyboard */; };
		324E36421E2CD8F1007918E8 /* Assets.xcassets in Resources */ = {isa = PBXBuildFile; fileRef = 324E36411E2CD8F1007918E8 /* Assets.xcassets */; };
		324E36451E2CD8F1007918E8 /* LaunchScreen.storyboard in Resources */ = {isa = PBXBuildFile; fileRef = 324E36431E2CD8F1007918E8 /* LaunchScreen.storyboard */; };
		328203FE1E2DFDA4003A3D5D /* MyFirstEarlGreyTest.swift in Sources */ = {isa = PBXBuildFile; fileRef = 328203FD1E2DFDA4003A3D5D /* MyFirstEarlGreyTest.swift */; };
		32F2C9D71E2DC81F00E217FA /* PasswordViewController.swift in Sources */ = {isa = PBXBuildFile; fileRef = 32F2C9D61E2DC81F00E217FA /* PasswordViewController.swift */; };
		80CD604CE57BA3A3725EE918 /* EarlGrey.framework in EarlGrey Copy Files */ = {isa = PBXBuildFile; fileRef = 764C2498CCB06A75D99B499E /* EarlGrey.framework */; settings = {ATTRIBUTES = (CodeSignOnCopy, ); }; };
		AD161816A5EFAAC0A95C5CB7 /* EarlGrey.swift in Sources */ = {isa = PBXBuildFile; fileRef = C24FAE4BD471DFE94ADAF31E /* EarlGrey.swift */; };
		C150DBE0377ED835DA139259 /* Pods_DemoAppTests.framework in Frameworks */ = {isa = PBXBuildFile; fileRef = 4679C61E4A7306C2AA1E775E /* Pods_DemoAppTests.framework */; };
		FD2576A28B1DE2BE0AA264BB /* EarlGrey.framework in Frameworks */ = {isa = PBXBuildFile; fileRef = 764C2498CCB06A75D99B499E /* EarlGrey.framework */; };
/* End PBXBuildFile section */

/* Begin PBXContainerItemProxy section */
		320397161E2DF94B00039F22 /* PBXContainerItemProxy */ = {
			isa = PBXContainerItemProxy;
			containerPortal = 324E362F1E2CD8F1007918E8 /* Project object */;
			proxyType = 1;
			remoteGlobalIDString = 324E36361E2CD8F1007918E8;
			remoteInfo = DemoApp;
		};
		321A1D871E2F0F6B00F87225 /* PBXContainerItemProxy */ = {
			isa = PBXContainerItemProxy;
			containerPortal = 324E362F1E2CD8F1007918E8 /* Project object */;
			proxyType = 1;
			remoteGlobalIDString = 324E36361E2CD8F1007918E8;
			remoteInfo = DemoApp;
		};
		321A1D961E2F0FAB00F87225 /* PBXContainerItemProxy */ = {
			isa = PBXContainerItemProxy;
			containerPortal = 321A1D8C1E2F0FAB00F87225 /* KIF.xcodeproj */;
			proxyType = 2;
			remoteGlobalIDString = EABD46AA1857A0C700A5F081;
			remoteInfo = KIF;
		};
		321A1D981E2F0FAB00F87225 /* PBXContainerItemProxy */ = {
			isa = PBXContainerItemProxy;
			containerPortal = 321A1D8C1E2F0FAB00F87225 /* KIF.xcodeproj */;
			proxyType = 2;
			remoteGlobalIDString = EB60ECC1177F8C83005A041A;
			remoteInfo = "Test Host";
		};
		321A1D9A1E2F0FAB00F87225 /* PBXContainerItemProxy */ = {
			isa = PBXContainerItemProxy;
			containerPortal = 321A1D8C1E2F0FAB00F87225 /* KIF.xcodeproj */;
			proxyType = 2;
			remoteGlobalIDString = EABD46CD1857A0F300A5F081;
			remoteInfo = "KIF Tests";
		};
		321A1D9C1E2F0FAB00F87225 /* PBXContainerItemProxy */ = {
			isa = PBXContainerItemProxy;
			containerPortal = 321A1D8C1E2F0FAB00F87225 /* KIF.xcodeproj */;
			proxyType = 2;
			remoteGlobalIDString = 9CC9673B1AD4B1B600576D13;
			remoteInfo = KIFFramework;
		};
		321A1D9E1E2F0FAB00F87225 /* PBXContainerItemProxy */ = {
			isa = PBXContainerItemProxy;
			containerPortal = 321A1D8C1E2F0FAB00F87225 /* KIF.xcodeproj */;
			proxyType = 2;
			remoteGlobalIDString = FAB89FFC1CAC546900C6DFC1;
			remoteInfo = KIFFrameworkConsumer;
		};
		321A1DA01E2F0FAB00F87225 /* PBXContainerItemProxy */ = {
			isa = PBXContainerItemProxy;
			containerPortal = 321A1D8C1E2F0FAB00F87225 /* KIF.xcodeproj */;
			proxyType = 2;
			remoteGlobalIDString = FAB8A0141CAC546A00C6DFC1;
			remoteInfo = KIFFrameworkConsumerTests;
		};
		3242B5CF1E31CC8900D1C5FA /* PBXContainerItemProxy */ = {
			isa = PBXContainerItemProxy;
			containerPortal = 324E362F1E2CD8F1007918E8 /* Project object */;
			proxyType = 1;
			remoteGlobalIDString = 324E36361E2CD8F1007918E8;
			remoteInfo = DemoApp;
		};
/* End PBXContainerItemProxy section */

/* Begin PBXCopyFilesBuildPhase section */
		8AFB6C3B5EE752590EE5D7B4 /* EarlGrey Copy Files */ = {
			isa = PBXCopyFilesBuildPhase;
			buildActionMask = 2147483647;
			dstPath = "$(TEST_HOST)/../";
			dstSubfolderSpec = 0;
			files = (
				80CD604CE57BA3A3725EE918 /* EarlGrey.framework in EarlGrey Copy Files */,
			);
			name = "EarlGrey Copy Files";
			runOnlyForDeploymentPostprocessing = 0;
		};
/* End PBXCopyFilesBuildPhase section */

/* Begin PBXFileReference section */
		2A13D47D786074F9F8E3C926 /* Pods-DemoAppTests.release.xcconfig */ = {isa = PBXFileReference; includeInIndex = 1; lastKnownFileType = text.xcconfig; name = "Pods-DemoAppTests.release.xcconfig"; path = "Pods/Target Support Files/Pods-DemoAppTests/Pods-DemoAppTests.release.xcconfig"; sourceTree = "<group>"; };
		320397111E2DF94B00039F22 /* DemoAppTests.xctest */ = {isa = PBXFileReference; explicitFileType = wrapper.cfbundle; includeInIndex = 0; path = DemoAppTests.xctest; sourceTree = BUILT_PRODUCTS_DIR; };
		320397151E2DF94B00039F22 /* Info.plist */ = {isa = PBXFileReference; lastKnownFileType = text.plist.xml; path = Info.plist; sourceTree = "<group>"; };
		321A1D821E2F0F6B00F87225 /* KIFDemoAppTests.xctest */ = {isa = PBXFileReference; explicitFileType = wrapper.cfbundle; includeInIndex = 0; path = KIFDemoAppTests.xctest; sourceTree = BUILT_PRODUCTS_DIR; };
		321A1D841E2F0F6B00F87225 /* KIFDemoAppTests.swift */ = {isa = PBXFileReference; lastKnownFileType = sourcecode.swift; path = KIFDemoAppTests.swift; sourceTree = "<group>"; };
		321A1D861E2F0F6B00F87225 /* Info.plist */ = {isa = PBXFileReference; lastKnownFileType = text.plist.xml; path = Info.plist; sourceTree = "<group>"; };
		321A1D8C1E2F0FAB00F87225 /* KIF.xcodeproj */ = {isa = PBXFileReference; lastKnownFileType = "wrapper.pb-project"; name = KIF.xcodeproj; path = Frameworks/KIF/KIF.xcodeproj; sourceTree = SOURCE_ROOT; };
		321A1DA21E2F0FFC00F87225 /* KIFDemoAppTests-Bridging-Header.h */ = {isa = PBXFileReference; lastKnownFileType = sourcecode.c.h; path = "KIFDemoAppTests-Bridging-Header.h"; sourceTree = "<group>"; };
		321A1DB21E2F191500F87225 /* IOKit.framework */ = {isa = PBXFileReference; lastKnownFileType = wrapper.framework; name = IOKit.framework; path = Platforms/iPhoneOS.platform/Developer/SDKs/iPhoneOS.sdk/System/Library/Frameworks/IOKit.framework; sourceTree = DEVELOPER_DIR; };
		3221A26E1E2E44C30086F015 /* SignUpViewController.swift */ = {isa = PBXFileReference; fileEncoding = 4; lastKnownFileType = sourcecode.swift; path = SignUpViewController.swift; sourceTree = "<group>"; };
		3242B5CA1E31CC8900D1C5FA /* DemoAppUITests.xctest */ = {isa = PBXFileReference; explicitFileType = wrapper.cfbundle; includeInIndex = 0; path = DemoAppUITests.xctest; sourceTree = BUILT_PRODUCTS_DIR; };
		3242B5CC1E31CC8900D1C5FA /* DemoAppUITests.swift */ = {isa = PBXFileReference; lastKnownFileType = sourcecode.swift; path = DemoAppUITests.swift; sourceTree = "<group>"; };
		3242B5CE1E31CC8900D1C5FA /* Info.plist */ = {isa = PBXFileReference; lastKnownFileType = text.plist.xml; path = Info.plist; sourceTree = "<group>"; };
		324E36371E2CD8F1007918E8 /* DemoApp.app */ = {isa = PBXFileReference; explicitFileType = wrapper.application; includeInIndex = 0; path = DemoApp.app; sourceTree = BUILT_PRODUCTS_DIR; };
		324E363A1E2CD8F1007918E8 /* AppDelegate.swift */ = {isa = PBXFileReference; lastKnownFileType = sourcecode.swift; path = AppDelegate.swift; sourceTree = "<group>"; };
		324E363C1E2CD8F1007918E8 /* AccountViewController.swift */ = {isa = PBXFileReference; lastKnownFileType = sourcecode.swift; path = AccountViewController.swift; sourceTree = "<group>"; };
		324E363F1E2CD8F1007918E8 /* Base */ = {isa = PBXFileReference; lastKnownFileType = file.storyboard; name = Base; path = Base.lproj/Main.storyboard; sourceTree = "<group>"; };
		324E36411E2CD8F1007918E8 /* Assets.xcassets */ = {isa = PBXFileReference; lastKnownFileType = folder.assetcatalog; path = Assets.xcassets; sourceTree = "<group>"; };
		324E36441E2CD8F1007918E8 /* Base */ = {isa = PBXFileReference; lastKnownFileType = file.storyboard; name = Base; path = Base.lproj/LaunchScreen.storyboard; sourceTree = "<group>"; };
		324E36461E2CD8F1007918E8 /* Info.plist */ = {isa = PBXFileReference; lastKnownFileType = text.plist.xml; path = Info.plist; sourceTree = "<group>"; };
		328203FD1E2DFDA4003A3D5D /* MyFirstEarlGreyTest.swift */ = {isa = PBXFileReference; fileEncoding = 4; lastKnownFileType = sourcecode.swift; name = MyFirstEarlGreyTest.swift; path = ../MyFirstEarlGreyTest.swift; sourceTree = "<group>"; };
		32F2C9D61E2DC81F00E217FA /* PasswordViewController.swift */ = {isa = PBXFileReference; fileEncoding = 4; lastKnownFileType = sourcecode.swift; path = PasswordViewController.swift; sourceTree = "<group>"; };
		4679C61E4A7306C2AA1E775E /* Pods_DemoAppTests.framework */ = {isa = PBXFileReference; explicitFileType = wrapper.framework; includeInIndex = 0; path = Pods_DemoAppTests.framework; sourceTree = BUILT_PRODUCTS_DIR; };
		5B961683CA759C1DE736FC47 /* Pods-DemoAppTests.debug.xcconfig */ = {isa = PBXFileReference; includeInIndex = 1; lastKnownFileType = text.xcconfig; name = "Pods-DemoAppTests.debug.xcconfig"; path = "Pods/Target Support Files/Pods-DemoAppTests/Pods-DemoAppTests.debug.xcconfig"; sourceTree = "<group>"; };
		764C2498CCB06A75D99B499E /* EarlGrey.framework */ = {isa = PBXFileReference; lastKnownFileType = wrapper.framework; name = EarlGrey.framework; path = "${SRCROOT}/Pods/EarlGrey/EarlGrey/EarlGrey.framework"; sourceTree = SRCROOT; };
		C24FAE4BD471DFE94ADAF31E /* EarlGrey.swift */ = {isa = PBXFileReference; includeInIndex = 1; lastKnownFileType = sourcecode.swift; path = EarlGrey.swift; sourceTree = "<group>"; };
/* End PBXFileReference section */

/* Begin PBXFrameworksBuildPhase section */
		3203970E1E2DF94B00039F22 /* Frameworks */ = {
			isa = PBXFrameworksBuildPhase;
			buildActionMask = 2147483647;
			files = (
				C150DBE0377ED835DA139259 /* Pods_DemoAppTests.framework in Frameworks */,
				FD2576A28B1DE2BE0AA264BB /* EarlGrey.framework in Frameworks */,
			);
			runOnlyForDeploymentPostprocessing = 0;
		};
		321A1D7F1E2F0F6B00F87225 /* Frameworks */ = {
			isa = PBXFrameworksBuildPhase;
			buildActionMask = 2147483647;
			files = (
				321A1DB11E2F16C900F87225 /* libKIF.a in Frameworks */,
				321A1DB31E2F191500F87225 /* IOKit.framework in Frameworks */,
			);
			runOnlyForDeploymentPostprocessing = 0;
		};
		3242B5C71E31CC8900D1C5FA /* Frameworks */ = {
			isa = PBXFrameworksBuildPhase;
			buildActionMask = 2147483647;
			files = (
			);
			runOnlyForDeploymentPostprocessing = 0;
		};
		324E36341E2CD8F1007918E8 /* Frameworks */ = {
			isa = PBXFrameworksBuildPhase;
			buildActionMask = 2147483647;
			files = (
			);
			runOnlyForDeploymentPostprocessing = 0;
		};
/* End PBXFrameworksBuildPhase section */

/* Begin PBXGroup section */
		320397121E2DF94B00039F22 /* DemoAppTests */ = {
			isa = PBXGroup;
			children = (
				328203FD1E2DFDA4003A3D5D /* MyFirstEarlGreyTest.swift */,
				320397151E2DF94B00039F22 /* Info.plist */,
				C24FAE4BD471DFE94ADAF31E /* EarlGrey.swift */,
			);
			path = DemoAppTests;
			sourceTree = "<group>";
		};
		321A1D831E2F0F6B00F87225 /* KIFDemoAppTests */ = {
			isa = PBXGroup;
			children = (
				321A1D8C1E2F0FAB00F87225 /* KIF.xcodeproj */,
				321A1D841E2F0F6B00F87225 /* KIFDemoAppTests.swift */,
				321A1D861E2F0F6B00F87225 /* Info.plist */,
				321A1DA21E2F0FFC00F87225 /* KIFDemoAppTests-Bridging-Header.h */,
			);
			path = KIFDemoAppTests;
			sourceTree = "<group>";
		};
		321A1D8D1E2F0FAB00F87225 /* Products */ = {
			isa = PBXGroup;
			children = (
				321A1D971E2F0FAB00F87225 /* libKIF.a */,
				321A1D991E2F0FAB00F87225 /* Test Host.app */,
				321A1D9B1E2F0FAB00F87225 /* KIF Tests - XCTest.xctest */,
				321A1D9D1E2F0FAB00F87225 /* KIF.framework */,
				321A1D9F1E2F0FAB00F87225 /* KIFFrameworkConsumer.app */,
				321A1DA11E2F0FAB00F87225 /* KIFFrameworkConsumerTests.xctest */,
			);
			name = Products;
			sourceTree = "<group>";
		};
		3242B5CB1E31CC8900D1C5FA /* DemoAppUITests */ = {
			isa = PBXGroup;
			children = (
				3242B5CC1E31CC8900D1C5FA /* DemoAppUITests.swift */,
				3242B5CE1E31CC8900D1C5FA /* Info.plist */,
			);
			path = DemoAppUITests;
			sourceTree = "<group>";
		};
		324E362E1E2CD8F1007918E8 = {
			isa = PBXGroup;
			children = (
				324E36391E2CD8F1007918E8 /* DemoApp */,
				320397121E2DF94B00039F22 /* DemoAppTests */,
				321A1D831E2F0F6B00F87225 /* KIFDemoAppTests */,
				3242B5CB1E31CC8900D1C5FA /* DemoAppUITests */,
				324E36381E2CD8F1007918E8 /* Products */,
				C710DDB9FA5C28B2770DD83E /* Pods */,
				95F0C1565A72470E78C959A3 /* Frameworks */,
			);
			sourceTree = "<group>";
		};
		324E36381E2CD8F1007918E8 /* Products */ = {
			isa = PBXGroup;
			children = (
				324E36371E2CD8F1007918E8 /* DemoApp.app */,
				320397111E2DF94B00039F22 /* DemoAppTests.xctest */,
				764C2498CCB06A75D99B499E /* EarlGrey.framework */,
				321A1D821E2F0F6B00F87225 /* KIFDemoAppTests.xctest */,
				3242B5CA1E31CC8900D1C5FA /* DemoAppUITests.xctest */,
			);
			name = Products;
			sourceTree = "<group>";
		};
		324E36391E2CD8F1007918E8 /* DemoApp */ = {
			isa = PBXGroup;
			children = (
				324E363A1E2CD8F1007918E8 /* AppDelegate.swift */,
				324E363C1E2CD8F1007918E8 /* AccountViewController.swift */,
				32F2C9D61E2DC81F00E217FA /* PasswordViewController.swift */,
				3221A26E1E2E44C30086F015 /* SignUpViewController.swift */,
				324E363E1E2CD8F1007918E8 /* Main.storyboard */,
				324E36411E2CD8F1007918E8 /* Assets.xcassets */,
				324E36431E2CD8F1007918E8 /* LaunchScreen.storyboard */,
				324E36461E2CD8F1007918E8 /* Info.plist */,
			);
			path = DemoApp;
			sourceTree = "<group>";
		};
		95F0C1565A72470E78C959A3 /* Frameworks */ = {
			isa = PBXGroup;
			children = (
				321A1DB21E2F191500F87225 /* IOKit.framework */,
				4679C61E4A7306C2AA1E775E /* Pods_DemoAppTests.framework */,
			);
			name = Frameworks;
			sourceTree = "<group>";
		};
		C710DDB9FA5C28B2770DD83E /* Pods */ = {
			isa = PBXGroup;
			children = (
				5B961683CA759C1DE736FC47 /* Pods-DemoAppTests.debug.xcconfig */,
				2A13D47D786074F9F8E3C926 /* Pods-DemoAppTests.release.xcconfig */,
			);
			name = Pods;
			sourceTree = "<group>";
		};
/* End PBXGroup section */

/* Begin PBXNativeTarget section */
		320397101E2DF94B00039F22 /* DemoAppTests */ = {
			isa = PBXNativeTarget;
			buildConfigurationList = 3203971A1E2DF94B00039F22 /* Build configuration list for PBXNativeTarget "DemoAppTests" */;
			buildPhases = (
				327A8E6244459198A824F3C0 /* [CP] Check Pods Manifest.lock */,
				3203970D1E2DF94B00039F22 /* Sources */,
				3203970E1E2DF94B00039F22 /* Frameworks */,
				3203970F1E2DF94B00039F22 /* Resources */,
				9370268651D8B4DF7BDA8D01 /* [CP] Embed Pods Frameworks */,
				882DDBD2A075D194FBDC1675 /* [CP] Copy Pods Resources */,
				8AFB6C3B5EE752590EE5D7B4 /* EarlGrey Copy Files */,
			);
			buildRules = (
			);
			dependencies = (
				320397171E2DF94B00039F22 /* PBXTargetDependency */,
			);
			name = DemoAppTests;
			productName = DemoAppTests;
			productReference = 320397111E2DF94B00039F22 /* DemoAppTests.xctest */;
			productType = "com.apple.product-type.bundle.unit-test";
		};
		321A1D811E2F0F6B00F87225 /* KIFDemoAppTests */ = {
			isa = PBXNativeTarget;
			buildConfigurationList = 321A1D8B1E2F0F6B00F87225 /* Build configuration list for PBXNativeTarget "KIFDemoAppTests" */;
			buildPhases = (
				321A1D7E1E2F0F6B00F87225 /* Sources */,
				321A1D7F1E2F0F6B00F87225 /* Frameworks */,
				321A1D801E2F0F6B00F87225 /* Resources */,
			);
			buildRules = (
			);
			dependencies = (
				321A1D881E2F0F6B00F87225 /* PBXTargetDependency */,
			);
			name = KIFDemoAppTests;
			productName = KIFDemoAppTests;
			productReference = 321A1D821E2F0F6B00F87225 /* KIFDemoAppTests.xctest */;
			productType = "com.apple.product-type.bundle.unit-test";
		};
		3242B5C91E31CC8900D1C5FA /* DemoAppUITests */ = {
			isa = PBXNativeTarget;
			buildConfigurationList = 3242B5D11E31CC8900D1C5FA /* Build configuration list for PBXNativeTarget "DemoAppUITests" */;
			buildPhases = (
				3242B5C61E31CC8900D1C5FA /* Sources */,
				3242B5C71E31CC8900D1C5FA /* Frameworks */,
				3242B5C81E31CC8900D1C5FA /* Resources */,
			);
			buildRules = (
			);
			dependencies = (
				3242B5D01E31CC8900D1C5FA /* PBXTargetDependency */,
			);
			name = DemoAppUITests;
			productName = DemoAppUITests;
			productReference = 3242B5CA1E31CC8900D1C5FA /* DemoAppUITests.xctest */;
			productType = "com.apple.product-type.bundle.ui-testing";
		};
		324E36361E2CD8F1007918E8 /* DemoApp */ = {
			isa = PBXNativeTarget;
			buildConfigurationList = 324E36491E2CD8F1007918E8 /* Build configuration list for PBXNativeTarget "DemoApp" */;
			buildPhases = (
				324E36331E2CD8F1007918E8 /* Sources */,
				324E36341E2CD8F1007918E8 /* Frameworks */,
				324E36351E2CD8F1007918E8 /* Resources */,
			);
			buildRules = (
			);
			dependencies = (
			);
			name = DemoApp;
			productName = DemoApp;
			productReference = 324E36371E2CD8F1007918E8 /* DemoApp.app */;
			productType = "com.apple.product-type.application";
		};
/* End PBXNativeTarget section */

/* Begin PBXProject section */
		324E362F1E2CD8F1007918E8 /* Project object */ = {
			isa = PBXProject;
			attributes = {
				LastSwiftUpdateCheck = 0820;
				LastUpgradeCheck = 0820;
				ORGANIZATIONNAME = "Pham Anh";
				TargetAttributes = {
					320397101E2DF94B00039F22 = {
						CreatedOnToolsVersion = 8.2;
						DevelopmentTeam = HKXZTH4YA3;
						ProvisioningStyle = Automatic;
						TestTargetID = 324E36361E2CD8F1007918E8;
					};
					321A1D811E2F0F6B00F87225 = {
						CreatedOnToolsVersion = 8.2;
						DevelopmentTeam = HKXZTH4YA3;
						LastSwiftMigration = 0820;
						ProvisioningStyle = Automatic;
						TestTargetID = 324E36361E2CD8F1007918E8;
					};
					3242B5C91E31CC8900D1C5FA = {
						CreatedOnToolsVersion = 8.2;
						DevelopmentTeam = HKXZTH4YA3;
						ProvisioningStyle = Automatic;
						TestTargetID = 324E36361E2CD8F1007918E8;
					};
					324E36361E2CD8F1007918E8 = {
						CreatedOnToolsVersion = 8.2;
						DevelopmentTeam = HKXZTH4YA3;
						ProvisioningStyle = Automatic;
					};
				};
			};
			buildConfigurationList = 324E36321E2CD8F1007918E8 /* Build configuration list for PBXProject "DemoApp" */;
			compatibilityVersion = "Xcode 3.2";
			developmentRegion = English;
			hasScannedForEncodings = 0;
			knownRegions = (
				en,
				Base,
			);
			mainGroup = 324E362E1E2CD8F1007918E8;
			productRefGroup = 324E36381E2CD8F1007918E8 /* Products */;
			projectDirPath = "";
			projectReferences = (
				{
					ProductGroup = 321A1D8D1E2F0FAB00F87225 /* Products */;
					ProjectRef = 321A1D8C1E2F0FAB00F87225 /* KIF.xcodeproj */;
				},
			);
			projectRoot = "";
			targets = (
				324E36361E2CD8F1007918E8 /* DemoApp */,
				320397101E2DF94B00039F22 /* DemoAppTests */,
				321A1D811E2F0F6B00F87225 /* KIFDemoAppTests */,
				3242B5C91E31CC8900D1C5FA /* DemoAppUITests */,
			);
		};
/* End PBXProject section */

/* Begin PBXReferenceProxy section */
		321A1D971E2F0FAB00F87225 /* libKIF.a */ = {
			isa = PBXReferenceProxy;
			fileType = archive.ar;
			path = libKIF.a;
			remoteRef = 321A1D961E2F0FAB00F87225 /* PBXContainerItemProxy */;
			sourceTree = BUILT_PRODUCTS_DIR;
		};
		321A1D991E2F0FAB00F87225 /* Test Host.app */ = {
			isa = PBXReferenceProxy;
			fileType = wrapper.application;
			path = "Test Host.app";
			remoteRef = 321A1D981E2F0FAB00F87225 /* PBXContainerItemProxy */;
			sourceTree = BUILT_PRODUCTS_DIR;
		};
		321A1D9B1E2F0FAB00F87225 /* KIF Tests - XCTest.xctest */ = {
			isa = PBXReferenceProxy;
			fileType = wrapper.cfbundle;
			path = "KIF Tests - XCTest.xctest";
			remoteRef = 321A1D9A1E2F0FAB00F87225 /* PBXContainerItemProxy */;
			sourceTree = BUILT_PRODUCTS_DIR;
		};
		321A1D9D1E2F0FAB00F87225 /* KIF.framework */ = {
			isa = PBXReferenceProxy;
			fileType = wrapper.framework;
			path = KIF.framework;
			remoteRef = 321A1D9C1E2F0FAB00F87225 /* PBXContainerItemProxy */;
			sourceTree = BUILT_PRODUCTS_DIR;
		};
		321A1D9F1E2F0FAB00F87225 /* KIFFrameworkConsumer.app */ = {
			isa = PBXReferenceProxy;
			fileType = wrapper.application;
			path = KIFFrameworkConsumer.app;
			remoteRef = 321A1D9E1E2F0FAB00F87225 /* PBXContainerItemProxy */;
			sourceTree = BUILT_PRODUCTS_DIR;
		};
		321A1DA11E2F0FAB00F87225 /* KIFFrameworkConsumerTests.xctest */ = {
			isa = PBXReferenceProxy;
			fileType = wrapper.cfbundle;
			path = KIFFrameworkConsumerTests.xctest;
			remoteRef = 321A1DA01E2F0FAB00F87225 /* PBXContainerItemProxy */;
			sourceTree = BUILT_PRODUCTS_DIR;
		};
/* End PBXReferenceProxy section */

/* Begin PBXResourcesBuildPhase section */
		3203970F1E2DF94B00039F22 /* Resources */ = {
			isa = PBXResourcesBuildPhase;
			buildActionMask = 2147483647;
			files = (
			);
			runOnlyForDeploymentPostprocessing = 0;
		};
		321A1D801E2F0F6B00F87225 /* Resources */ = {
			isa = PBXResourcesBuildPhase;
			buildActionMask = 2147483647;
			files = (
			);
			runOnlyForDeploymentPostprocessing = 0;
		};
		3242B5C81E31CC8900D1C5FA /* Resources */ = {
			isa = PBXResourcesBuildPhase;
			buildActionMask = 2147483647;
			files = (
			);
			runOnlyForDeploymentPostprocessing = 0;
		};
		324E36351E2CD8F1007918E8 /* Resources */ = {
			isa = PBXResourcesBuildPhase;
			buildActionMask = 2147483647;
			files = (
				324E36451E2CD8F1007918E8 /* LaunchScreen.storyboard in Resources */,
				324E36421E2CD8F1007918E8 /* Assets.xcassets in Resources */,
				324E36401E2CD8F1007918E8 /* Main.storyboard in Resources */,
			);
			runOnlyForDeploymentPostprocessing = 0;
		};
/* End PBXResourcesBuildPhase section */

/* Begin PBXShellScriptBuildPhase section */
		327A8E6244459198A824F3C0 /* [CP] Check Pods Manifest.lock */ = {
			isa = PBXShellScriptBuildPhase;
			buildActionMask = 2147483647;
			files = (
			);
			inputPaths = (
			);
			name = "[CP] Check Pods Manifest.lock";
			outputPaths = (
			);
			runOnlyForDeploymentPostprocessing = 0;
			shellPath = /bin/sh;
			shellScript = "diff \"${PODS_ROOT}/../Podfile.lock\" \"${PODS_ROOT}/Manifest.lock\" > /dev/null\nif [ $? != 0 ] ; then\n    # print error to STDERR\n    echo \"error: The sandbox is not in sync with the Podfile.lock. Run 'pod install' or update your CocoaPods installation.\" >&2\n    exit 1\nfi\n";
			showEnvVarsInLog = 0;
		};
		882DDBD2A075D194FBDC1675 /* [CP] Copy Pods Resources */ = {
			isa = PBXShellScriptBuildPhase;
			buildActionMask = 2147483647;
			files = (
			);
			inputPaths = (
			);
			name = "[CP] Copy Pods Resources";
			outputPaths = (
			);
			runOnlyForDeploymentPostprocessing = 0;
			shellPath = /bin/sh;
			shellScript = "\"${SRCROOT}/Pods/Target Support Files/Pods-DemoAppTests/Pods-DemoAppTests-resources.sh\"\n";
			showEnvVarsInLog = 0;
		};
		9370268651D8B4DF7BDA8D01 /* [CP] Embed Pods Frameworks */ = {
			isa = PBXShellScriptBuildPhase;
			buildActionMask = 2147483647;
			files = (
			);
			inputPaths = (
			);
			name = "[CP] Embed Pods Frameworks";
			outputPaths = (
			);
			runOnlyForDeploymentPostprocessing = 0;
			shellPath = /bin/sh;
			shellScript = "\"${SRCROOT}/Pods/Target Support Files/Pods-DemoAppTests/Pods-DemoAppTests-frameworks.sh\"\n";
			showEnvVarsInLog = 0;
		};
/* End PBXShellScriptBuildPhase section */

/* Begin PBXSourcesBuildPhase section */
		3203970D1E2DF94B00039F22 /* Sources */ = {
			isa = PBXSourcesBuildPhase;
			buildActionMask = 2147483647;
			files = (
				328203FE1E2DFDA4003A3D5D /* MyFirstEarlGreyTest.swift in Sources */,
				AD161816A5EFAAC0A95C5CB7 /* EarlGrey.swift in Sources */,
			);
			runOnlyForDeploymentPostprocessing = 0;
		};
		321A1D7E1E2F0F6B00F87225 /* Sources */ = {
			isa = PBXSourcesBuildPhase;
			buildActionMask = 2147483647;
			files = (
				321A1D851E2F0F6B00F87225 /* KIFDemoAppTests.swift in Sources */,
			);
			runOnlyForDeploymentPostprocessing = 0;
		};
		3242B5C61E31CC8900D1C5FA /* Sources */ = {
			isa = PBXSourcesBuildPhase;
			buildActionMask = 2147483647;
			files = (
				3242B5CD1E31CC8900D1C5FA /* DemoAppUITests.swift in Sources */,
			);
			runOnlyForDeploymentPostprocessing = 0;
		};
		324E36331E2CD8F1007918E8 /* Sources */ = {
			isa = PBXSourcesBuildPhase;
			buildActionMask = 2147483647;
			files = (
				324E363D1E2CD8F1007918E8 /* AccountViewController.swift in Sources */,
				324E363B1E2CD8F1007918E8 /* AppDelegate.swift in Sources */,
				3221A26F1E2E44C30086F015 /* SignUpViewController.swift in Sources */,
				32F2C9D71E2DC81F00E217FA /* PasswordViewController.swift in Sources */,
			);
			runOnlyForDeploymentPostprocessing = 0;
		};
/* End PBXSourcesBuildPhase section */

/* Begin PBXTargetDependency section */
		320397171E2DF94B00039F22 /* PBXTargetDependency */ = {
			isa = PBXTargetDependency;
			target = 324E36361E2CD8F1007918E8 /* DemoApp */;
			targetProxy = 320397161E2DF94B00039F22 /* PBXContainerItemProxy */;
		};
		321A1D881E2F0F6B00F87225 /* PBXTargetDependency */ = {
			isa = PBXTargetDependency;
			target = 324E36361E2CD8F1007918E8 /* DemoApp */;
			targetProxy = 321A1D871E2F0F6B00F87225 /* PBXContainerItemProxy */;
		};
		3242B5D01E31CC8900D1C5FA /* PBXTargetDependency */ = {
			isa = PBXTargetDependency;
			target = 324E36361E2CD8F1007918E8 /* DemoApp */;
			targetProxy = 3242B5CF1E31CC8900D1C5FA /* PBXContainerItemProxy */;
		};
/* End PBXTargetDependency section */

/* Begin PBXVariantGroup section */
		324E363E1E2CD8F1007918E8 /* Main.storyboard */ = {
			isa = PBXVariantGroup;
			children = (
				324E363F1E2CD8F1007918E8 /* Base */,
			);
			name = Main.storyboard;
			sourceTree = "<group>";
		};
		324E36431E2CD8F1007918E8 /* LaunchScreen.storyboard */ = {
			isa = PBXVariantGroup;
			children = (
				324E36441E2CD8F1007918E8 /* Base */,
			);
			name = LaunchScreen.storyboard;
			sourceTree = "<group>";
		};
/* End PBXVariantGroup section */

/* Begin XCBuildConfiguration section */
		320397181E2DF94B00039F22 /* Debug */ = {
			isa = XCBuildConfiguration;
			baseConfigurationReference = 5B961683CA759C1DE736FC47 /* Pods-DemoAppTests.debug.xcconfig */;
			buildSettings = {
				BUNDLE_LOADER = "$(TEST_HOST)";
				DEVELOPMENT_TEAM = HKXZTH4YA3;
				INFOPLIST_FILE = DemoAppTests/Info.plist;
				LD_RUNPATH_SEARCH_PATHS = "$(inherited) @executable_path/Frameworks @loader_path/Frameworks";
				PRODUCT_BUNDLE_IDENTIFIER = com.gaxxanh.DemoAppTests;
				PRODUCT_NAME = "$(TARGET_NAME)";
				SWIFT_VERSION = 3.0;
				TEST_HOST = "$(BUILT_PRODUCTS_DIR)/DemoApp.app/DemoApp";
			};
			name = Debug;
		};
		320397191E2DF94B00039F22 /* Release */ = {
			isa = XCBuildConfiguration;
			baseConfigurationReference = 2A13D47D786074F9F8E3C926 /* Pods-DemoAppTests.release.xcconfig */;
			buildSettings = {
				BUNDLE_LOADER = "$(TEST_HOST)";
				DEVELOPMENT_TEAM = HKXZTH4YA3;
				INFOPLIST_FILE = DemoAppTests/Info.plist;
				LD_RUNPATH_SEARCH_PATHS = "$(inherited) @executable_path/Frameworks @loader_path/Frameworks";
				PRODUCT_BUNDLE_IDENTIFIER = com.gaxxanh.DemoAppTests;
				PRODUCT_NAME = "$(TARGET_NAME)";
				SWIFT_VERSION = 3.0;
				TEST_HOST = "$(BUILT_PRODUCTS_DIR)/DemoApp.app/DemoApp";
			};
			name = Release;
		};
		321A1D891E2F0F6B00F87225 /* Debug */ = {
			isa = XCBuildConfiguration;
			buildSettings = {
				BUNDLE_LOADER = "$(TEST_HOST)";
				CLANG_ENABLE_MODULES = YES;
				DEVELOPMENT_TEAM = HKXZTH4YA3;
				INFOPLIST_FILE = KIFDemoAppTests/Info.plist;
				LD_RUNPATH_SEARCH_PATHS = "$(inherited) @executable_path/Frameworks @loader_path/Frameworks";
				OTHER_LDFLAGS = (
					"$(inherited)",
					"-framework",
					XCTest,
					"-ObjC",
				);
				PRODUCT_BUNDLE_IDENTIFIER = com.gaxxanh.KIFDemoAppTests;
				PRODUCT_NAME = "$(TARGET_NAME)";
				SWIFT_OBJC_BRIDGING_HEADER = "KIFDemoAppTests/KIFDemoAppTests-Bridging-Header.h";
				SWIFT_OPTIMIZATION_LEVEL = "-Onone";
				SWIFT_VERSION = 3.0;
				TEST_HOST = "$(BUILT_PRODUCTS_DIR)/DemoApp.app/DemoApp";
			};
			name = Debug;
		};
		321A1D8A1E2F0F6B00F87225 /* Release */ = {
			isa = XCBuildConfiguration;
			buildSettings = {
				BUNDLE_LOADER = "$(TEST_HOST)";
				CLANG_ENABLE_MODULES = YES;
				DEVELOPMENT_TEAM = HKXZTH4YA3;
				INFOPLIST_FILE = KIFDemoAppTests/Info.plist;
				LD_RUNPATH_SEARCH_PATHS = "$(inherited) @executable_path/Frameworks @loader_path/Frameworks";
				OTHER_LDFLAGS = (
					"$(inherited)",
					"-framework",
					XCTest,
					"-ObjC",
				);
				PRODUCT_BUNDLE_IDENTIFIER = com.gaxxanh.KIFDemoAppTests;
				PRODUCT_NAME = "$(TARGET_NAME)";
				SWIFT_OBJC_BRIDGING_HEADER = "KIFDemoAppTests/KIFDemoAppTests-Bridging-Header.h";
				SWIFT_VERSION = 3.0;
				TEST_HOST = "$(BUILT_PRODUCTS_DIR)/DemoApp.app/DemoApp";
			};
			name = Release;
		};
		3242B5D21E31CC8900D1C5FA /* Debug */ = {
			isa = XCBuildConfiguration;
			buildSettings = {
				DEVELOPMENT_TEAM = HKXZTH4YA3;
				INFOPLIST_FILE = DemoAppUITests/Info.plist;
				LD_RUNPATH_SEARCH_PATHS = "$(inherited) @executable_path/Frameworks @loader_path/Frameworks";
				PRODUCT_BUNDLE_IDENTIFIER = com.gaxxanh.DemoAppUITests;
				PRODUCT_NAME = "$(TARGET_NAME)";
				SWIFT_VERSION = 3.0;
				TEST_TARGET_NAME = DemoApp;
			};
			name = Debug;
		};
		3242B5D31E31CC8900D1C5FA /* Release */ = {
			isa = XCBuildConfiguration;
			buildSettings = {
				DEVELOPMENT_TEAM = HKXZTH4YA3;
				INFOPLIST_FILE = DemoAppUITests/Info.plist;
				LD_RUNPATH_SEARCH_PATHS = "$(inherited) @executable_path/Frameworks @loader_path/Frameworks";
				PRODUCT_BUNDLE_IDENTIFIER = com.gaxxanh.DemoAppUITests;
				PRODUCT_NAME = "$(TARGET_NAME)";
				SWIFT_VERSION = 3.0;
				TEST_TARGET_NAME = DemoApp;
			};
			name = Release;
		};
		324E36471E2CD8F1007918E8 /* Debug */ = {
			isa = XCBuildConfiguration;
			buildSettings = {
				ALWAYS_SEARCH_USER_PATHS = NO;
				CLANG_ANALYZER_NONNULL = YES;
				CLANG_CXX_LANGUAGE_STANDARD = "gnu++0x";
				CLANG_CXX_LIBRARY = "libc++";
				CLANG_ENABLE_MODULES = YES;
				CLANG_ENABLE_OBJC_ARC = YES;
				CLANG_WARN_BOOL_CONVERSION = YES;
				CLANG_WARN_CONSTANT_CONVERSION = YES;
				CLANG_WARN_DIRECT_OBJC_ISA_USAGE = YES_ERROR;
				CLANG_WARN_DOCUMENTATION_COMMENTS = YES;
				CLANG_WARN_EMPTY_BODY = YES;
				CLANG_WARN_ENUM_CONVERSION = YES;
				CLANG_WARN_INFINITE_RECURSION = YES;
				CLANG_WARN_INT_CONVERSION = YES;
				CLANG_WARN_OBJC_ROOT_CLASS = YES_ERROR;
				CLANG_WARN_SUSPICIOUS_MOVE = YES;
				CLANG_WARN_UNREACHABLE_CODE = YES;
				CLANG_WARN__DUPLICATE_METHOD_MATCH = YES;
				"CODE_SIGN_IDENTITY[sdk=iphoneos*]" = "iPhone Developer";
				COPY_PHASE_STRIP = NO;
				DEBUG_INFORMATION_FORMAT = dwarf;
				ENABLE_STRICT_OBJC_MSGSEND = YES;
				ENABLE_TESTABILITY = YES;
				GCC_C_LANGUAGE_STANDARD = gnu99;
				GCC_DYNAMIC_NO_PIC = NO;
				GCC_NO_COMMON_BLOCKS = YES;
				GCC_OPTIMIZATION_LEVEL = 0;
				GCC_PREPROCESSOR_DEFINITIONS = (
					"DEBUG=1",
					"$(inherited)",
				);
				GCC_WARN_64_TO_32_BIT_CONVERSION = YES;
				GCC_WARN_ABOUT_RETURN_TYPE = YES_ERROR;
				GCC_WARN_UNDECLARED_SELECTOR = YES;
				GCC_WARN_UNINITIALIZED_AUTOS = YES_AGGRESSIVE;
				GCC_WARN_UNUSED_FUNCTION = YES;
				GCC_WARN_UNUSED_VARIABLE = YES;
				IPHONEOS_DEPLOYMENT_TARGET = 10.2;
				MTL_ENABLE_DEBUG_INFO = YES;
				ONLY_ACTIVE_ARCH = YES;
				SDKROOT = iphoneos;
				SWIFT_ACTIVE_COMPILATION_CONDITIONS = DEBUG;
				SWIFT_OPTIMIZATION_LEVEL = "-Onone";
				TARGETED_DEVICE_FAMILY = "1,2";
			};
			name = Debug;
		};
		324E36481E2CD8F1007918E8 /* Release */ = {
			isa = XCBuildConfiguration;
			buildSettings = {
				ALWAYS_SEARCH_USER_PATHS = NO;
				CLANG_ANALYZER_NONNULL = YES;
				CLANG_CXX_LANGUAGE_STANDARD = "gnu++0x";
				CLANG_CXX_LIBRARY = "libc++";
				CLANG_ENABLE_MODULES = YES;
				CLANG_ENABLE_OBJC_ARC = YES;
				CLANG_WARN_BOOL_CONVERSION = YES;
				CLANG_WARN_CONSTANT_CONVERSION = YES;
				CLANG_WARN_DIRECT_OBJC_ISA_USAGE = YES_ERROR;
				CLANG_WARN_DOCUMENTATION_COMMENTS = YES;
				CLANG_WARN_EMPTY_BODY = YES;
				CLANG_WARN_ENUM_CONVERSION = YES;
				CLANG_WARN_INFINITE_RECURSION = YES;
				CLANG_WARN_INT_CONVERSION = YES;
				CLANG_WARN_OBJC_ROOT_CLASS = YES_ERROR;
				CLANG_WARN_SUSPICIOUS_MOVE = YES;
				CLANG_WARN_UNREACHABLE_CODE = YES;
				CLANG_WARN__DUPLICATE_METHOD_MATCH = YES;
				"CODE_SIGN_IDENTITY[sdk=iphoneos*]" = "iPhone Developer";
				COPY_PHASE_STRIP = NO;
				DEBUG_INFORMATION_FORMAT = "dwarf-with-dsym";
				ENABLE_NS_ASSERTIONS = NO;
				ENABLE_STRICT_OBJC_MSGSEND = YES;
				GCC_C_LANGUAGE_STANDARD = gnu99;
				GCC_NO_COMMON_BLOCKS = YES;
				GCC_WARN_64_TO_32_BIT_CONVERSION = YES;
				GCC_WARN_ABOUT_RETURN_TYPE = YES_ERROR;
				GCC_WARN_UNDECLARED_SELECTOR = YES;
				GCC_WARN_UNINITIALIZED_AUTOS = YES_AGGRESSIVE;
				GCC_WARN_UNUSED_FUNCTION = YES;
				GCC_WARN_UNUSED_VARIABLE = YES;
				IPHONEOS_DEPLOYMENT_TARGET = 10.2;
				MTL_ENABLE_DEBUG_INFO = NO;
				SDKROOT = iphoneos;
				SWIFT_OPTIMIZATION_LEVEL = "-Owholemodule";
				TARGETED_DEVICE_FAMILY = "1,2";
				VALIDATE_PRODUCT = YES;
			};
			name = Release;
		};
		324E364A1E2CD8F1007918E8 /* Debug */ = {
			isa = XCBuildConfiguration;
			buildSettings = {
				ASSETCATALOG_COMPILER_APPICON_NAME = AppIcon;
				"CODE_SIGN_IDENTITY[sdk=iphoneos*]" = "iPhone Developer";
				DEVELOPMENT_TEAM = HKXZTH4YA3;
				INFOPLIST_FILE = DemoApp/Info.plist;
				LD_RUNPATH_SEARCH_PATHS = "$(inherited) @executable_path/Frameworks";
				PRODUCT_BUNDLE_IDENTIFIER = com.innovatube.uitestdemo1;
				PRODUCT_NAME = "$(TARGET_NAME)";
				PROVISIONING_PROFILE = "";
				PROVISIONING_PROFILE_SPECIFIER = "";
				SWIFT_VERSION = 3.0;
			};
			name = Debug;
		};
		324E364B1E2CD8F1007918E8 /* Release */ = {
			isa = XCBuildConfiguration;
			buildSettings = {
				ASSETCATALOG_COMPILER_APPICON_NAME = AppIcon;
				"CODE_SIGN_IDENTITY[sdk=iphoneos*]" = "iPhone Developer";
				DEVELOPMENT_TEAM = HKXZTH4YA3;
				INFOPLIST_FILE = DemoApp/Info.plist;
				LD_RUNPATH_SEARCH_PATHS = "$(inherited) @executable_path/Frameworks";
				PRODUCT_BUNDLE_IDENTIFIER = com.innovatube.uitestdemo1;
				PRODUCT_NAME = "$(TARGET_NAME)";
				PROVISIONING_PROFILE = "";
				PROVISIONING_PROFILE_SPECIFIER = "";
				SWIFT_VERSION = 3.0;
			};
			name = Release;
		};
/* End XCBuildConfiguration section */

/* Begin XCConfigurationList section */
		3203971A1E2DF94B00039F22 /* Build configuration list for PBXNativeTarget "DemoAppTests" */ = {
			isa = XCConfigurationList;
			buildConfigurations = (
				320397181E2DF94B00039F22 /* Debug */,
				320397191E2DF94B00039F22 /* Release */,
			);
			defaultConfigurationIsVisible = 0;
			defaultConfigurationName = Release;
		};
		321A1D8B1E2F0F6B00F87225 /* Build configuration list for PBXNativeTarget "KIFDemoAppTests" */ = {
			isa = XCConfigurationList;
			buildConfigurations = (
				321A1D891E2F0F6B00F87225 /* Debug */,
				321A1D8A1E2F0F6B00F87225 /* Release */,
			);
			defaultConfigurationIsVisible = 0;
			defaultConfigurationName = Release;
		};
		3242B5D11E31CC8900D1C5FA /* Build configuration list for PBXNativeTarget "DemoAppUITests" */ = {
			isa = XCConfigurationList;
			buildConfigurations = (
				3242B5D21E31CC8900D1C5FA /* Debug */,
				3242B5D31E31CC8900D1C5FA /* Release */,
			);
			defaultConfigurationIsVisible = 0;
			defaultConfigurationName = Release;
		};
		324E36321E2CD8F1007918E8 /* Build configuration list for PBXProject "DemoApp" */ = {
			isa = XCConfigurationList;
			buildConfigurations = (
				324E36471E2CD8F1007918E8 /* Debug */,
				324E36481E2CD8F1007918E8 /* Release */,
			);
			defaultConfigurationIsVisible = 0;
			defaultConfigurationName = Release;
		};
		324E36491E2CD8F1007918E8 /* Build configuration list for PBXNativeTarget "DemoApp" */ = {
			isa = XCConfigurationList;
			buildConfigurations = (
				324E364A1E2CD8F1007918E8 /* Debug */,
				324E364B1E2CD8F1007918E8 /* Release */,
			);
			defaultConfigurationIsVisible = 0;
			defaultConfigurationName = Release;
		};
/* End XCConfigurationList section */
	};
	rootObject = 324E362F1E2CD8F1007918E8 /* Project object */;
}
